// !$*UTF8*$!
{
	archiveVersion = 1;
	classes = {
	};
	objectVersion = 46;
	objects = {

/* Begin PBXBuildFile section */
		1C37FC3D1BEE9FDA00A43360 /* AppDelegate.swift in Sources */ = {isa = PBXBuildFile; fileRef = 1C37FC3C1BEE9FDA00A43360 /* AppDelegate.swift */; };
		1C37FC3F1BEE9FDA00A43360 /* ViewController.swift in Sources */ = {isa = PBXBuildFile; fileRef = 1C37FC3E1BEE9FDA00A43360 /* ViewController.swift */; };
		1C37FC421BEE9FDA00A43360 /* Main.storyboard in Resources */ = {isa = PBXBuildFile; fileRef = 1C37FC401BEE9FDA00A43360 /* Main.storyboard */; };
		1C37FC441BEE9FDA00A43360 /* Assets.xcassets in Resources */ = {isa = PBXBuildFile; fileRef = 1C37FC431BEE9FDA00A43360 /* Assets.xcassets */; };
		1C37FC471BEE9FDA00A43360 /* LaunchScreen.storyboard in Resources */ = {isa = PBXBuildFile; fileRef = 1C37FC451BEE9FDA00A43360 /* LaunchScreen.storyboard */; };
		1C37FC521BEE9FDA00A43360 /* potHolesTests.swift in Sources */ = {isa = PBXBuildFile; fileRef = 1C37FC511BEE9FDA00A43360 /* potHolesTests.swift */; };
		1C37FC5D1BEE9FDA00A43360 /* potHolesUITests.swift in Sources */ = {isa = PBXBuildFile; fileRef = 1C37FC5C1BEE9FDA00A43360 /* potHolesUITests.swift */; };
/* End PBXBuildFile section */

/* Begin PBXContainerItemProxy section */
		1C37FC4E1BEE9FDA00A43360 /* PBXContainerItemProxy */ = {
			isa = PBXContainerItemProxy;
			containerPortal = 1C37FC311BEE9FDA00A43360 /* Project object */;
			proxyType = 1;
			remoteGlobalIDString = 1C37FC381BEE9FDA00A43360;
			remoteInfo = potHoles;
		};
		1C37FC591BEE9FDA00A43360 /* PBXContainerItemProxy */ = {
			isa = PBXContainerItemProxy;
			containerPortal = 1C37FC311BEE9FDA00A43360 /* Project object */;
			proxyType = 1;
			remoteGlobalIDString = 1C37FC381BEE9FDA00A43360;
			remoteInfo = potHoles;
		};
/* End PBXContainerItemProxy section */

/* Begin PBXFileReference section */
		1C37FC391BEE9FDA00A43360 /* potHoles.app */ = {isa = PBXFileReference; explicitFileType = wrapper.application; includeInIndex = 0; path = potHoles.app; sourceTree = BUILT_PRODUCTS_DIR; };
		1C37FC3C1BEE9FDA00A43360 /* AppDelegate.swift */ = {isa = PBXFileReference; lastKnownFileType = sourcecode.swift; path = AppDelegate.swift; sourceTree = "<group>"; };
		1C37FC3E1BEE9FDA00A43360 /* ViewController.swift */ = {isa = PBXFileReference; lastKnownFileType = sourcecode.swift; path = ViewController.swift; sourceTree = "<group>"; };
		1C37FC411BEE9FDA00A43360 /* Base */ = {isa = PBXFileReference; lastKnownFileType = file.storyboard; name = Base; path = Base.lproj/Main.storyboard; sourceTree = "<group>"; };
		1C37FC431BEE9FDA00A43360 /* Assets.xcassets */ = {isa = PBXFileReference; lastKnownFileType = folder.assetcatalog; path = Assets.xcassets; sourceTree = "<group>"; };
		1C37FC461BEE9FDA00A43360 /* Base */ = {isa = PBXFileReference; lastKnownFileType = file.storyboard; name = Base; path = Base.lproj/LaunchScreen.storyboard; sourceTree = "<group>"; };
		1C37FC481BEE9FDA00A43360 /* Info.plist */ = {isa = PBXFileReference; lastKnownFileType = text.plist.xml; path = Info.plist; sourceTree = "<group>"; };
		1C37FC4D1BEE9FDA00A43360 /* potHolesTests.xctest */ = {isa = PBXFileReference; explicitFileType = wrapper.cfbundle; includeInIndex = 0; path = potHolesTests.xctest; sourceTree = BUILT_PRODUCTS_DIR; };
		1C37FC511BEE9FDA00A43360 /* potHolesTests.swift */ = {isa = PBXFileReference; lastKnownFileType = sourcecode.swift; path = potHolesTests.swift; sourceTree = "<group>"; };
		1C37FC531BEE9FDA00A43360 /* Info.plist */ = {isa = PBXFileReference; lastKnownFileType = text.plist.xml; path = Info.plist; sourceTree = "<group>"; };
		1C37FC581BEE9FDA00A43360 /* potHolesUITests.xctest */ = {isa = PBXFileReference; explicitFileType = wrapper.cfbundle; includeInIndex = 0; path = potHolesUITests.xctest; sourceTree = BUILT_PRODUCTS_DIR; };
		1C37FC5C1BEE9FDA00A43360 /* potHolesUITests.swift */ = {isa = PBXFileReference; lastKnownFileType = sourcecode.swift; path = potHolesUITests.swift; sourceTree = "<group>"; };
		1C37FC5E1BEE9FDA00A43360 /* Info.plist */ = {isa = PBXFileReference; lastKnownFileType = text.plist.xml; path = Info.plist; sourceTree = "<group>"; };
/* End PBXFileReference section */

/* Begin PBXFrameworksBuildPhase section */
		1C37FC361BEE9FDA00A43360 /* Frameworks */ = {
			isa = PBXFrameworksBuildPhase;
			buildActionMask = 2147483647;
			files = (
			);
			runOnlyForDeploymentPostprocessing = 0;
		};
		1C37FC4A1BEE9FDA00A43360 /* Frameworks */ = {
			isa = PBXFrameworksBuildPhase;
			buildActionMask = 2147483647;
			files = (
			);
			runOnlyForDeploymentPostprocessing = 0;
		};
		1C37FC551BEE9FDA00A43360 /* Frameworks */ = {
			isa = PBXFrameworksBuildPhase;
			buildActionMask = 2147483647;
			files = (
			);
			runOnlyForDeploymentPostprocessing = 0;
		};
/* End PBXFrameworksBuildPhase section */

/* Begin PBXGroup section */
		1C37FC301BEE9FDA00A43360 = {
			isa = PBXGroup;
			children = (
				1C37FC3B1BEE9FDA00A43360 /* potHoles */,
				1C37FC501BEE9FDA00A43360 /* potHolesTests */,
				1C37FC5B1BEE9FDA00A43360 /* potHolesUITests */,
				1C37FC3A1BEE9FDA00A43360 /* Products */,
			);
			sourceTree = "<group>";
		};
		1C37FC3A1BEE9FDA00A43360 /* Products */ = {
			isa = PBXGroup;
			children = (
				1C37FC391BEE9FDA00A43360 /* potHoles.app */,
				1C37FC4D1BEE9FDA00A43360 /* potHolesTests.xctest */,
				1C37FC581BEE9FDA00A43360 /* potHolesUITests.xctest */,
			);
			name = Products;
			sourceTree = "<group>";
		};
		1C37FC3B1BEE9FDA00A43360 /* potHoles */ = {
			isa = PBXGroup;
			children = (
				1C37FC3C1BEE9FDA00A43360 /* AppDelegate.swift */,
				1C37FC3E1BEE9FDA00A43360 /* ViewController.swift */,
				1C37FC401BEE9FDA00A43360 /* Main.storyboard */,
				1C37FC431BEE9FDA00A43360 /* Assets.xcassets */,
				1C37FC451BEE9FDA00A43360 /* LaunchScreen.storyboard */,
				1C37FC481BEE9FDA00A43360 /* Info.plist */,
			);
			path = potHoles;
			sourceTree = "<group>";
		};
		1C37FC501BEE9FDA00A43360 /* potHolesTests */ = {
			isa = PBXGroup;
			children = (
				1C37FC511BEE9FDA00A43360 /* potHolesTests.swift */,
				1C37FC531BEE9FDA00A43360 /* Info.plist */,
			);
			path = potHolesTests;
			sourceTree = "<group>";
		};
		1C37FC5B1BEE9FDA00A43360 /* potHolesUITests */ = {
			isa = PBXGroup;
			children = (
				1C37FC5C1BEE9FDA00A43360 /* potHolesUITests.swift */,
				1C37FC5E1BEE9FDA00A43360 /* Info.plist */,
			);
			path = potHolesUITests;
			sourceTree = "<group>";
		};
/* End PBXGroup section */

/* Begin PBXNativeTarget section */
		1C37FC381BEE9FDA00A43360 /* potHoles */ = {
			isa = PBXNativeTarget;
			buildConfigurationList = 1C37FC611BEE9FDA00A43360 /* Build configuration list for PBXNativeTarget "potHoles" */;
			buildPhases = (
				1C37FC351BEE9FDA00A43360 /* Sources */,
				1C37FC361BEE9FDA00A43360 /* Frameworks */,
				1C37FC371BEE9FDA00A43360 /* Resources */,
			);
			buildRules = (
			);
			dependencies = (
			);
			name = potHoles;
			productName = potHoles;
			productReference = 1C37FC391BEE9FDA00A43360 /* potHoles.app */;
			productType = "com.apple.product-type.application";
		};
		1C37FC4C1BEE9FDA00A43360 /* potHolesTests */ = {
			isa = PBXNativeTarget;
			buildConfigurationList = 1C37FC641BEE9FDA00A43360 /* Build configuration list for PBXNativeTarget "potHolesTests" */;
			buildPhases = (
				1C37FC491BEE9FDA00A43360 /* Sources */,
				1C37FC4A1BEE9FDA00A43360 /* Frameworks */,
				1C37FC4B1BEE9FDA00A43360 /* Resources */,
			);
			buildRules = (
			);
			dependencies = (
				1C37FC4F1BEE9FDA00A43360 /* PBXTargetDependency */,
			);
			name = potHolesTests;
			productName = potHolesTests;
			productReference = 1C37FC4D1BEE9FDA00A43360 /* potHolesTests.xctest */;
			productType = "com.apple.product-type.bundle.unit-test";
		};
		1C37FC571BEE9FDA00A43360 /* potHolesUITests */ = {
			isa = PBXNativeTarget;
			buildConfigurationList = 1C37FC671BEE9FDA00A43360 /* Build configuration list for PBXNativeTarget "potHolesUITests" */;
			buildPhases = (
				1C37FC541BEE9FDA00A43360 /* Sources */,
				1C37FC551BEE9FDA00A43360 /* Frameworks */,
				1C37FC561BEE9FDA00A43360 /* Resources */,
			);
			buildRules = (
			);
			dependencies = (
				1C37FC5A1BEE9FDA00A43360 /* PBXTargetDependency */,
			);
			name = potHolesUITests;
			productName = potHolesUITests;
			productReference = 1C37FC581BEE9FDA00A43360 /* potHolesUITests.xctest */;
			productType = "com.apple.product-type.bundle.ui-testing";
		};
/* End PBXNativeTarget section */

/* Begin PBXProject section */
		1C37FC311BEE9FDA00A43360 /* Project object */ = {
			isa = PBXProject;
			attributes = {
				LastSwiftUpdateCheck = 0710;
				LastUpgradeCheck = 0710;
				ORGANIZATIONNAME = "ramya radhakrishnan";
				TargetAttributes = {
					1C37FC381BEE9FDA00A43360 = {
						CreatedOnToolsVersion = 7.1;
					};
					1C37FC4C1BEE9FDA00A43360 = {
						CreatedOnToolsVersion = 7.1;
						TestTargetID = 1C37FC381BEE9FDA00A43360;
					};
					1C37FC571BEE9FDA00A43360 = {
						CreatedOnToolsVersion = 7.1;
						TestTargetID = 1C37FC381BEE9FDA00A43360;
					};
				};
			};
			buildConfigurationList = 1C37FC341BEE9FDA00A43360 /* Build configuration list for PBXProject "potHoles" */;
			compatibilityVersion = "Xcode 3.2";
			developmentRegion = English;
			hasScannedForEncodings = 0;
			knownRegions = (
				en,
				Base,
			);
			mainGroup = 1C37FC301BEE9FDA00A43360;
			productRefGroup = 1C37FC3A1BEE9FDA00A43360 /* Products */;
			projectDirPath = "";
			projectRoot = "";
			targets = (
				1C37FC381BEE9FDA00A43360 /* potHoles */,
				1C37FC4C1BEE9FDA00A43360 /* potHolesTests */,
				1C37FC571BEE9FDA00A43360 /* potHolesUITests */,
			);
		};
/* End PBXProject section */

/* Begin PBXResourcesBuildPhase section */
		1C37FC371BEE9FDA00A43360 /* Resources */ = {
			isa = PBXResourcesBuildPhase;
			buildActionMask = 2147483647;
			files = (
				1C37FC471BEE9FDA00A43360 /* LaunchScreen.storyboard in Resources */,
				1C37FC441BEE9FDA00A43360 /* Assets.xcassets in Resources */,
				1C37FC421BEE9FDA00A43360 /* Main.storyboard in Resources */,
			);
			runOnlyForDeploymentPostprocessing = 0;
		};
		1C37FC4B1BEE9FDA00A43360 /* Resources */ = {
			isa = PBXResourcesBuildPhase;
			buildActionMask = 2147483647;
			files = (
			);
			runOnlyForDeploymentPostprocessing = 0;
		};
		1C37FC561BEE9FDA00A43360 /* Resources */ = {
			isa = PBXResourcesBuildPhase;
			buildActionMask = 2147483647;
			files = (
			);
			runOnlyForDeploymentPostprocessing = 0;
		};
/* End PBXResourcesBuildPhase section */

/* Begin PBXSourcesBuildPhase section */
		1C37FC351BEE9FDA00A43360 /* Sources */ = {
			isa = PBXSourcesBuildPhase;
			buildActionMask = 2147483647;
			files = (
				1C37FC3F1BEE9FDA00A43360 /* ViewController.swift in Sources */,
				1C37FC3D1BEE9FDA00A43360 /* AppDelegate.swift in Sources */,
			);
			runOnlyForDeploymentPostprocessing = 0;
		};
		1C37FC491BEE9FDA00A43360 /* Sources */ = {
			isa = PBXSourcesBuildPhase;
			buildActionMask = 2147483647;
			files = (
				1C37FC521BEE9FDA00A43360 /* potHolesTests.swift in Sources */,
			);
			runOnlyForDeploymentPostprocessing = 0;
		};
		1C37FC541BEE9FDA00A43360 /* Sources */ = {
			isa = PBXSourcesBuildPhase;
			buildActionMask = 2147483647;
			files = (
				1C37FC5D1BEE9FDA00A43360 /* potHolesUITests.swift in Sources */,
			);
			runOnlyForDeploymentPostprocessing = 0;
		};
/* End PBXSourcesBuildPhase section */

/* Begin PBXTargetDependency section */
		1C37FC4F1BEE9FDA00A43360 /* PBXTargetDependency */ = {
			isa = PBXTargetDependency;
			target = 1C37FC381BEE9FDA00A43360 /* potHoles */;
			targetProxy = 1C37FC4E1BEE9FDA00A43360 /* PBXContainerItemProxy */;
		};
		1C37FC5A1BEE9FDA00A43360 /* PBXTargetDependency */ = {
			isa = PBXTargetDependency;
			target = 1C37FC381BEE9FDA00A43360 /* potHoles */;
			targetProxy = 1C37FC591BEE9FDA00A43360 /* PBXContainerItemProxy */;
		};
/* End PBXTargetDependency section */

/* Begin PBXVariantGroup section */
		1C37FC401BEE9FDA00A43360 /* Main.storyboard */ = {
			isa = PBXVariantGroup;
			children = (
				1C37FC411BEE9FDA00A43360 /* Base */,
			);
			name = Main.storyboard;
			sourceTree = "<group>";
		};
		1C37FC451BEE9FDA00A43360 /* LaunchScreen.storyboard */ = {
			isa = PBXVariantGroup;
			children = (
				1C37FC461BEE9FDA00A43360 /* Base */,
			);
			name = LaunchScreen.storyboard;
			sourceTree = "<group>";
		};
/* End PBXVariantGroup section */

/* Begin XCBuildConfiguration section */
		1C37FC5F1BEE9FDA00A43360 /* Debug */ = {
			isa = XCBuildConfiguration;
			buildSettings = {
				ALWAYS_SEARCH_USER_PATHS = NO;
				CLANG_CXX_LANGUAGE_STANDARD = "gnu++0x";
				CLANG_CXX_LIBRARY = "libc++";
				CLANG_ENABLE_MODULES = YES;
				CLANG_ENABLE_OBJC_ARC = YES;
				CLANG_WARN_BOOL_CONVERSION = YES;
				CLANG_WARN_CONSTANT_CONVERSION = YES;
				CLANG_WARN_DIRECT_OBJC_ISA_USAGE = YES_ERROR;
				CLANG_WARN_EMPTY_BODY = YES;
				CLANG_WARN_ENUM_CONVERSION = YES;
				CLANG_WARN_INT_CONVERSION = YES;
				CLANG_WARN_OBJC_ROOT_CLASS = YES_ERROR;
				CLANG_WARN_UNREACHABLE_CODE = YES;
				CLANG_WARN__DUPLICATE_METHOD_MATCH = YES;
				"CODE_SIGN_IDENTITY[sdk=iphoneos*]" = "iPhone Developer";
				COPY_PHASE_STRIP = NO;
				DEBUG_INFORMATION_FORMAT = dwarf;
				ENABLE_STRICT_OBJC_MSGSEND = YES;
				ENABLE_TESTABILITY = YES;
				GCC_C_LANGUAGE_STANDARD = gnu99;
				GCC_DYNAMIC_NO_PIC = NO;
				GCC_NO_COMMON_BLOCKS = YES;
				GCC_OPTIMIZATION_LEVEL = 0;
				GCC_PREPROCESSOR_DEFINITIONS = (
					"DEBUG=1",
					"$(inherited)",
				);
				GCC_WARN_64_TO_32_BIT_CONVERSION = YES;
				GCC_WARN_ABOUT_RETURN_TYPE = YES_ERROR;
				GCC_WARN_UNDECLARED_SELECTOR = YES;
				GCC_WARN_UNINITIALIZED_AUTOS = YES_AGGRESSIVE;
				GCC_WARN_UNUSED_FUNCTION = YES;
				GCC_WARN_UNUSED_VARIABLE = YES;
				IPHONEOS_DEPLOYMENT_TARGET = 9.1;
				MTL_ENABLE_DEBUG_INFO = YES;
				ONLY_ACTIVE_ARCH = YES;
				SDKROOT = iphoneos;
				SWIFT_OPTIMIZATION_LEVEL = "-Onone";
				TARGETED_DEVICE_FAMILY = "1,2";
			};
			name = Debug;
		};
		1C37FC601BEE9FDA00A43360 /* Release */ = {
			isa = XCBuildConfiguration;
			buildSettings = {
				ALWAYS_SEARCH_USER_PATHS = NO;
				CLANG_CXX_LANGUAGE_STANDARD = "gnu++0x";
				CLANG_CXX_LIBRARY = "libc++";
				CLANG_ENABLE_MODULES = YES;
				CLANG_ENABLE_OBJC_ARC = YES;
				CLANG_WARN_BOOL_CONVERSION = YES;
				CLANG_WARN_CONSTANT_CONVERSION = YES;
				CLANG_WARN_DIRECT_OBJC_ISA_USAGE = YES_ERROR;
				CLANG_WARN_EMPTY_BODY = YES;
				CLANG_WARN_ENUM_CONVERSION = YES;
				CLANG_WARN_INT_CONVERSION = YES;
				CLANG_WARN_OBJC_ROOT_CLASS = YES_ERROR;
				CLANG_WARN_UNREACHABLE_CODE = YES;
				CLANG_WARN__DUPLICATE_METHOD_MATCH = YES;
				"CODE_SIGN_IDENTITY[sdk=iphoneos*]" = "iPhone Developer";
				COPY_PHASE_STRIP = NO;
				DEBUG_INFORMATION_FORMAT = "dwarf-with-dsym";
				ENABLE_NS_ASSERTIONS = NO;
				ENABLE_STRICT_OBJC_MSGSEND = YES;
				GCC_C_LANGUAGE_STANDARD = gnu99;
				GCC_NO_COMMON_BLOCKS = YES;
				GCC_WARN_64_TO_32_BIT_CONVERSION = YES;
				GCC_WARN_ABOUT_RETURN_TYPE = YES_ERROR;
				GCC_WARN_UNDECLARED_SELECTOR = YES;
				GCC_WARN_UNINITIALIZED_AUTOS = YES_AGGRESSIVE;
				GCC_WARN_UNUSED_FUNCTION = YES;
				GCC_WARN_UNUSED_VARIABLE = YES;
				IPHONEOS_DEPLOYMENT_TARGET = 9.1;
				MTL_ENABLE_DEBUG_INFO = NO;
				SDKROOT = iphoneos;
				TARGETED_DEVICE_FAMILY = "1,2";
				VALIDATE_PRODUCT = YES;
			};
			name = Release;
		};
		1C37FC621BEE9FDA00A43360 /* Debug */ = {
			isa = XCBuildConfiguration;
			buildSettings = {
				ASSETCATALOG_COMPILER_APPICON_NAME = AppIcon;
				INFOPLIST_FILE = potHoles/Info.plist;
				LD_RUNPATH_SEARCH_PATHS = "$(inherited) @executable_path/Frameworks";
				PRODUCT_BUNDLE_IDENTIFIER = edu.sdsu.cs.potHoles;
				PRODUCT_NAME = "$(TARGET_NAME)";
			};
			name = Debug;
		};
		1C37FC631BEE9FDA00A43360 /* Release */ = {
			isa = XCBuildConfiguration;
			buildSettings = {
				ASSETCATALOG_COMPILER_APPICON_NAME = AppIcon;
				INFOPLIST_FILE = potHoles/Info.plist;
				LD_RUNPATH_SEARCH_PATHS = "$(inherited) @executable_path/Frameworks";
				PRODUCT_BUNDLE_IDENTIFIER = edu.sdsu.cs.potHoles;
				PRODUCT_NAME = "$(TARGET_NAME)";
			};
			name = Release;
		};
		1C37FC651BEE9FDA00A43360 /* Debug */ = {
			isa = XCBuildConfiguration;
			buildSettings = {
				BUNDLE_LOADER = "$(TEST_HOST)";
				INFOPLIST_FILE = potHolesTests/Info.plist;
				LD_RUNPATH_SEARCH_PATHS = "$(inherited) @executable_path/Frameworks @loader_path/Frameworks";
				PRODUCT_BUNDLE_IDENTIFIER = edu.sdsu.cs.potHolesTests;
				PRODUCT_NAME = "$(TARGET_NAME)";
				TEST_HOST = "$(BUILT_PRODUCTS_DIR)/potHoles.app/potHoles";
			};
			name = Debug;
		};
		1C37FC661BEE9FDA00A43360 /* Release */ = {
			isa = XCBuildConfiguration;
			buildSettings = {
				BUNDLE_LOADER = "$(TEST_HOST)";
				INFOPLIST_FILE = potHolesTests/Info.plist;
				LD_RUNPATH_SEARCH_PATHS = "$(inherited) @executable_path/Frameworks @loader_path/Frameworks";
				PRODUCT_BUNDLE_IDENTIFIER = edu.sdsu.cs.potHolesTests;
				PRODUCT_NAME = "$(TARGET_NAME)";
				TEST_HOST = "$(BUILT_PRODUCTS_DIR)/potHoles.app/potHoles";
			};
			name = Release;
		};
		1C37FC681BEE9FDA00A43360 /* Debug */ = {
			isa = XCBuildConfiguration;
			buildSettings = {
				INFOPLIST_FILE = potHolesUITests/Info.plist;
				LD_RUNPATH_SEARCH_PATHS = "$(inherited) @executable_path/Frameworks @loader_path/Frameworks";
				PRODUCT_BUNDLE_IDENTIFIER = edu.sdsu.cs.potHolesUITests;
				PRODUCT_NAME = "$(TARGET_NAME)";
				TEST_TARGET_NAME = potHoles;
				USES_XCTRUNNER = YES;
			};
			name = Debug;
		};
		1C37FC691BEE9FDA00A43360 /* Release */ = {
			isa = XCBuildConfiguration;
			buildSettings = {
				INFOPLIST_FILE = potHolesUITests/Info.plist;
				LD_RUNPATH_SEARCH_PATHS = "$(inherited) @executable_path/Frameworks @loader_path/Frameworks";
				PRODUCT_BUNDLE_IDENTIFIER = edu.sdsu.cs.potHolesUITests;
				PRODUCT_NAME = "$(TARGET_NAME)";
				TEST_TARGET_NAME = potHoles;
				USES_XCTRUNNER = YES;
			};
			name = Release;
		};
/* End XCBuildConfiguration section */

/* Begin XCConfigurationList section */
		1C37FC341BEE9FDA00A43360 /* Build configuration list for PBXProject "potHoles" */ = {
			isa = XCConfigurationList;
			buildConfigurations = (
				1C37FC5F1BEE9FDA00A43360 /* Debug */,
				1C37FC601BEE9FDA00A43360 /* Release */,
			);
			defaultConfigurationIsVisible = 0;
			defaultConfigurationName = Release;
		};
		1C37FC611BEE9FDA00A43360 /* Build configuration list for PBXNativeTarget "potHoles" */ = {
			isa = XCConfigurationList;
			buildConfigurations = (
				1C37FC621BEE9FDA00A43360 /* Debug */,
				1C37FC631BEE9FDA00A43360 /* Release */,
			);
			defaultConfigurationIsVisible = 0;
		};
		1C37FC641BEE9FDA00A43360 /* Build configuration list for PBXNativeTarget "potHolesTests" */ = {
			isa = XCConfigurationList;
			buildConfigurations = (
				1C37FC651BEE9FDA00A43360 /* Debug */,
				1C37FC661BEE9FDA00A43360 /* Release */,
			);
			defaultConfigurationIsVisible = 0;
		};
		1C37FC671BEE9FDA00A43360 /* Build configuration list for PBXNativeTarget "potHolesUITests" */ = {
			isa = XCConfigurationList;
			buildConfigurations = (
				1C37FC681BEE9FDA00A43360 /* Debug */,
				1C37FC691BEE9FDA00A43360 /* Release */,
			);
			defaultConfigurationIsVisible = 0;
		};
/* End XCConfigurationList section */
	};
	rootObject = 1C37FC311BEE9FDA00A43360 /* Project object */;
}
